
Microsoft Visual Studio Solution File, Format Version 12.00
# Visual Studio Version 16
VisualStudioVersion = 16.0.31005.135
MinimumVisualStudioVersion = 10.0.40219.1
Project("{8BC9CEB8-8B4A-11D0-8D11-00A0C91BC942}") = "DiffusionReaction", "DiffusionReaction.vcxproj", "{0EDB227B-780A-4FD4-8845-AB838E92CF48}"
EndProject
Global
	GlobalSection(SolutionConfigurationPlatforms) = preSolution
		Debug|x64 = Debug|x64
		Debug|x86 = Debug|x86
		Release|x64 = Release|x64
		Release|x86 = Release|x86
	EndGlobalSection
	GlobalSection(ProjectConfigurationPlatforms) = postSolution
		{0EDB227B-780A-4FD4-8845-AB838E92CF48}.Debug|x64.ActiveCfg = Debug|x64
		{0EDB227B-780A-4FD4-8845-AB838E92CF48}.Debug|x64.Build.0 = Debug|x64
		{0EDB227B-780A-4FD4-8845-AB838E92CF48}.Debug|x86.ActiveCfg = Debug|Win32
		{0EDB227B-780A-4FD4-8845-AB838E92CF48}.Debug|x86.Build.0 = Debug|Win32
		{0EDB227B-780A-4FD4-8845-AB838E92CF48}.Release|x64.ActiveCfg = Release|x64
		{0EDB227B-780A-4FD4-8845-AB838E92CF48}.Release|x64.Build.0 = Release|x64
		{0EDB227B-780A-4FD4-8845-AB838E92CF48}.Release|x86.ActiveCfg = Release|Win32
		{0EDB227B-780A-4FD4-8845-AB838E92CF48}.Release|x86.Build.0 = Release|Win32
	EndGlobalSection
	GlobalSection(SolutionProperties) = preSolution
		HideSolutionNode = FALSE
	EndGlobalSection
	GlobalSection(ExtensibilityGlobals) = postSolution
		SolutionGuid = {D36A26FF-8D76-49E0-82A2-4E187C9B953E}
	EndGlobalSection
EndGlobal
